// !$*UTF8*$!
{
	archiveVersion = 1;
	classes = {
	};
	objectVersion = 55;
	objects = {

/* Begin PBXBuildFile section */
		2F7570352825772900E2DD69 /* task_managerApp.swift in Sources */ = {isa = PBXBuildFile; fileRef = 2F7570342825772900E2DD69 /* task_managerApp.swift */; };
		2F7570372825772900E2DD69 /* ContentView.swift in Sources */ = {isa = PBXBuildFile; fileRef = 2F7570362825772900E2DD69 /* ContentView.swift */; };
		2F7570392825772B00E2DD69 /* Assets.xcassets in Resources */ = {isa = PBXBuildFile; fileRef = 2F7570382825772B00E2DD69 /* Assets.xcassets */; };
		2F75703C2825772B00E2DD69 /* Preview Assets.xcassets in Resources */ = {isa = PBXBuildFile; fileRef = 2F75703B2825772B00E2DD69 /* Preview Assets.xcassets */; };
		2F75703E2825772B00E2DD69 /* Persistence.swift in Sources */ = {isa = PBXBuildFile; fileRef = 2F75703D2825772B00E2DD69 /* Persistence.swift */; };
		2F7570412825772B00E2DD69 /* task_manager.xcdatamodeld in Sources */ = {isa = PBXBuildFile; fileRef = 2F75703F2825772B00E2DD69 /* task_manager.xcdatamodeld */; };
		2F75704B2825772B00E2DD69 /* task_managerTests.swift in Sources */ = {isa = PBXBuildFile; fileRef = 2F75704A2825772B00E2DD69 /* task_managerTests.swift */; };
		2F7570552825772B00E2DD69 /* task_managerUITests.swift in Sources */ = {isa = PBXBuildFile; fileRef = 2F7570542825772B00E2DD69 /* task_managerUITests.swift */; };
		2F7570572825772B00E2DD69 /* task_managerUITestsLaunchTests.swift in Sources */ = {isa = PBXBuildFile; fileRef = 2F7570562825772B00E2DD69 /* task_managerUITestsLaunchTests.swift */; };
		2F75706528257C1200E2DD69 /* Home.swift in Sources */ = {isa = PBXBuildFile; fileRef = 2F75706428257C1200E2DD69 /* Home.swift */; };
		2F75706828257D8C00E2DD69 /* TaskViewModel.swift in Sources */ = {isa = PBXBuildFile; fileRef = 2F75706728257D8B00E2DD69 /* TaskViewModel.swift */; };
		2F75706A282580B800E2DD69 /* AddNewTask.swift in Sources */ = {isa = PBXBuildFile; fileRef = 2F757069282580B800E2DD69 /* AddNewTask.swift */; };
		2F7570702825C81300E2DD69 /* TaskRowView.swift in Sources */ = {isa = PBXBuildFile; fileRef = 2F75706F2825C81300E2DD69 /* TaskRowView.swift */; };
		2F757074282715F900E2DD69 /* DynamicFilteredView.swift in Sources */ = {isa = PBXBuildFile; fileRef = 2F757073282715F900E2DD69 /* DynamicFilteredView.swift */; };
		2F7570762829819900E2DD69 /* OptionView.swift in Sources */ = {isa = PBXBuildFile; fileRef = 2F7570752829819800E2DD69 /* OptionView.swift */; };
		2F7570782829A94B00E2DD69 /* AddNewDailyTaskView.swift in Sources */ = {isa = PBXBuildFile; fileRef = 2F7570772829A94B00E2DD69 /* AddNewDailyTaskView.swift */; };
		2F75707A2829AC0900E2DD69 /* DailyTaskViewModel.swift in Sources */ = {isa = PBXBuildFile; fileRef = 2F7570792829AC0900E2DD69 /* DailyTaskViewModel.swift */; };
		2F75707C2829E41200E2DD69 /* DailyTasks+Extension.swift in Sources */ = {isa = PBXBuildFile; fileRef = 2F75707B2829E41200E2DD69 /* DailyTasks+Extension.swift */; };
		2F7570B9282B376A00E2DD69 /* RingView.swift in Sources */ = {isa = PBXBuildFile; fileRef = 2F7570B8282B376A00E2DD69 /* RingView.swift */; };
		2F7570BB282B377300E2DD69 /* RingShape.swift in Sources */ = {isa = PBXBuildFile; fileRef = 2F7570BA282B377300E2DD69 /* RingShape.swift */; };
		2F7570BE282D4A4600E2DD69 /* DayInformation.swift in Sources */ = {isa = PBXBuildFile; fileRef = 2F7570BD282D4A4600E2DD69 /* DayInformation.swift */; };
		2F7570C0282D9C9300E2DD69 /* DailyTaskPopupView.swift in Sources */ = {isa = PBXBuildFile; fileRef = 2F7570BF282D9C9200E2DD69 /* DailyTaskPopupView.swift */; };
/* End PBXBuildFile section */

/* Begin PBXContainerItemProxy section */
		2F7570472825772B00E2DD69 /* PBXContainerItemProxy */ = {
			isa = PBXContainerItemProxy;
			containerPortal = 2F7570292825772900E2DD69 /* Project object */;
			proxyType = 1;
			remoteGlobalIDString = 2F7570302825772900E2DD69;
			remoteInfo = "task manager";
		};
		2F7570512825772B00E2DD69 /* PBXContainerItemProxy */ = {
			isa = PBXContainerItemProxy;
			containerPortal = 2F7570292825772900E2DD69 /* Project object */;
			proxyType = 1;
			remoteGlobalIDString = 2F7570302825772900E2DD69;
			remoteInfo = "task manager";
		};
/* End PBXContainerItemProxy section */

/* Begin PBXFileReference section */
		2F7570312825772900E2DD69 /* task manager.app */ = {isa = PBXFileReference; explicitFileType = wrapper.application; includeInIndex = 0; path = "task manager.app"; sourceTree = BUILT_PRODUCTS_DIR; };
		2F7570342825772900E2DD69 /* task_managerApp.swift */ = {isa = PBXFileReference; lastKnownFileType = sourcecode.swift; path = task_managerApp.swift; sourceTree = "<group>"; };
		2F7570362825772900E2DD69 /* ContentView.swift */ = {isa = PBXFileReference; lastKnownFileType = sourcecode.swift; path = ContentView.swift; sourceTree = "<group>"; };
		2F7570382825772B00E2DD69 /* Assets.xcassets */ = {isa = PBXFileReference; lastKnownFileType = folder.assetcatalog; path = Assets.xcassets; sourceTree = "<group>"; };
		2F75703B2825772B00E2DD69 /* Preview Assets.xcassets */ = {isa = PBXFileReference; lastKnownFileType = folder.assetcatalog; path = "Preview Assets.xcassets"; sourceTree = "<group>"; };
		2F75703D2825772B00E2DD69 /* Persistence.swift */ = {isa = PBXFileReference; lastKnownFileType = sourcecode.swift; path = Persistence.swift; sourceTree = "<group>"; };
		2F7570402825772B00E2DD69 /* task_manager.xcdatamodel */ = {isa = PBXFileReference; lastKnownFileType = wrapper.xcdatamodel; path = task_manager.xcdatamodel; sourceTree = "<group>"; };
		2F7570462825772B00E2DD69 /* task managerTests.xctest */ = {isa = PBXFileReference; explicitFileType = wrapper.cfbundle; includeInIndex = 0; path = "task managerTests.xctest"; sourceTree = BUILT_PRODUCTS_DIR; };
		2F75704A2825772B00E2DD69 /* task_managerTests.swift */ = {isa = PBXFileReference; lastKnownFileType = sourcecode.swift; path = task_managerTests.swift; sourceTree = "<group>"; };
		2F7570502825772B00E2DD69 /* task managerUITests.xctest */ = {isa = PBXFileReference; explicitFileType = wrapper.cfbundle; includeInIndex = 0; path = "task managerUITests.xctest"; sourceTree = BUILT_PRODUCTS_DIR; };
		2F7570542825772B00E2DD69 /* task_managerUITests.swift */ = {isa = PBXFileReference; lastKnownFileType = sourcecode.swift; path = task_managerUITests.swift; sourceTree = "<group>"; };
		2F7570562825772B00E2DD69 /* task_managerUITestsLaunchTests.swift */ = {isa = PBXFileReference; lastKnownFileType = sourcecode.swift; path = task_managerUITestsLaunchTests.swift; sourceTree = "<group>"; };
		2F75706428257C1200E2DD69 /* Home.swift */ = {isa = PBXFileReference; lastKnownFileType = sourcecode.swift; path = Home.swift; sourceTree = "<group>"; };
		2F75706728257D8B00E2DD69 /* TaskViewModel.swift */ = {isa = PBXFileReference; lastKnownFileType = sourcecode.swift; path = TaskViewModel.swift; sourceTree = "<group>"; };
		2F757069282580B800E2DD69 /* AddNewTask.swift */ = {isa = PBXFileReference; lastKnownFileType = sourcecode.swift; path = AddNewTask.swift; sourceTree = "<group>"; };
		2F75706F2825C81300E2DD69 /* TaskRowView.swift */ = {isa = PBXFileReference; lastKnownFileType = sourcecode.swift; path = TaskRowView.swift; sourceTree = "<group>"; };
		2F757073282715F900E2DD69 /* DynamicFilteredView.swift */ = {isa = PBXFileReference; lastKnownFileType = sourcecode.swift; path = DynamicFilteredView.swift; sourceTree = "<group>"; };
		2F7570752829819800E2DD69 /* OptionView.swift */ = {isa = PBXFileReference; lastKnownFileType = sourcecode.swift; path = OptionView.swift; sourceTree = "<group>"; };
		2F7570772829A94B00E2DD69 /* AddNewDailyTaskView.swift */ = {isa = PBXFileReference; lastKnownFileType = sourcecode.swift; path = AddNewDailyTaskView.swift; sourceTree = "<group>"; };
		2F7570792829AC0900E2DD69 /* DailyTaskViewModel.swift */ = {isa = PBXFileReference; lastKnownFileType = sourcecode.swift; path = DailyTaskViewModel.swift; sourceTree = "<group>"; };
		2F75707B2829E41200E2DD69 /* DailyTasks+Extension.swift */ = {isa = PBXFileReference; lastKnownFileType = sourcecode.swift; path = "DailyTasks+Extension.swift"; sourceTree = "<group>"; };
		2F7570B8282B376A00E2DD69 /* RingView.swift */ = {isa = PBXFileReference; lastKnownFileType = sourcecode.swift; path = RingView.swift; sourceTree = "<group>"; };
		2F7570BA282B377300E2DD69 /* RingShape.swift */ = {isa = PBXFileReference; lastKnownFileType = sourcecode.swift; path = RingShape.swift; sourceTree = "<group>"; };
		2F7570BD282D4A4600E2DD69 /* DayInformation.swift */ = {isa = PBXFileReference; lastKnownFileType = sourcecode.swift; path = DayInformation.swift; sourceTree = "<group>"; };
		2F7570BF282D9C9200E2DD69 /* DailyTaskPopupView.swift */ = {isa = PBXFileReference; lastKnownFileType = sourcecode.swift; path = DailyTaskPopupView.swift; sourceTree = "<group>"; };
/* End PBXFileReference section */

/* Begin PBXFrameworksBuildPhase section */
		2F75702E2825772900E2DD69 /* Frameworks */ = {
			isa = PBXFrameworksBuildPhase;
			buildActionMask = 2147483647;
			files = (
			);
			runOnlyForDeploymentPostprocessing = 0;
		};
		2F7570432825772B00E2DD69 /* Frameworks */ = {
			isa = PBXFrameworksBuildPhase;
			buildActionMask = 2147483647;
			files = (
			);
			runOnlyForDeploymentPostprocessing = 0;
		};
		2F75704D2825772B00E2DD69 /* Frameworks */ = {
			isa = PBXFrameworksBuildPhase;
			buildActionMask = 2147483647;
			files = (
			);
			runOnlyForDeploymentPostprocessing = 0;
		};
/* End PBXFrameworksBuildPhase section */

/* Begin PBXGroup section */
		2F7570282825772900E2DD69 = {
			isa = PBXGroup;
			children = (
				2F7570332825772900E2DD69 /* task manager */,
				2F7570492825772B00E2DD69 /* task managerTests */,
				2F7570532825772B00E2DD69 /* task managerUITests */,
				2F7570322825772900E2DD69 /* Products */,
			);
			sourceTree = "<group>";
		};
		2F7570322825772900E2DD69 /* Products */ = {
			isa = PBXGroup;
			children = (
				2F7570312825772900E2DD69 /* task manager.app */,
				2F7570462825772B00E2DD69 /* task managerTests.xctest */,
				2F7570502825772B00E2DD69 /* task managerUITests.xctest */,
			);
			name = Products;
			sourceTree = "<group>";
		};
		2F7570332825772900E2DD69 /* task manager */ = {
			isa = PBXGroup;
			children = (
				2F7570BC282D4A2E00E2DD69 /* Components */,
				2F75706628257D8000E2DD69 /* ViewModel */,
				2F75706328257C0800E2DD69 /* Views */,
				2F7570342825772900E2DD69 /* task_managerApp.swift */,
				2F7570362825772900E2DD69 /* ContentView.swift */,
				2F75703D2825772B00E2DD69 /* Persistence.swift */,
				2F7570382825772B00E2DD69 /* Assets.xcassets */,
				2F75703F2825772B00E2DD69 /* task_manager.xcdatamodeld */,
				2F75703A2825772B00E2DD69 /* Preview Content */,
				2F75707B2829E41200E2DD69 /* DailyTasks+Extension.swift */,
			);
			path = "task manager";
			sourceTree = "<group>";
		};
		2F75703A2825772B00E2DD69 /* Preview Content */ = {
			isa = PBXGroup;
			children = (
				2F75703B2825772B00E2DD69 /* Preview Assets.xcassets */,
			);
			path = "Preview Content";
			sourceTree = "<group>";
		};
		2F7570492825772B00E2DD69 /* task managerTests */ = {
			isa = PBXGroup;
			children = (
				2F75704A2825772B00E2DD69 /* task_managerTests.swift */,
			);
			path = "task managerTests";
			sourceTree = "<group>";
		};
		2F7570532825772B00E2DD69 /* task managerUITests */ = {
			isa = PBXGroup;
			children = (
				2F7570542825772B00E2DD69 /* task_managerUITests.swift */,
				2F7570562825772B00E2DD69 /* task_managerUITestsLaunchTests.swift */,
			);
			path = "task managerUITests";
			sourceTree = "<group>";
		};
		2F75706328257C0800E2DD69 /* Views */ = {
			isa = PBXGroup;
			children = (
				2F75706428257C1200E2DD69 /* Home.swift */,
				2F757069282580B800E2DD69 /* AddNewTask.swift */,
				2F75706F2825C81300E2DD69 /* TaskRowView.swift */,
				2F757073282715F900E2DD69 /* DynamicFilteredView.swift */,
				2F7570752829819800E2DD69 /* OptionView.swift */,
				2F7570772829A94B00E2DD69 /* AddNewDailyTaskView.swift */,
				2F7570B8282B376A00E2DD69 /* RingView.swift */,
				2F7570BA282B377300E2DD69 /* RingShape.swift */,
				2F7570BF282D9C9200E2DD69 /* DailyTaskPopupView.swift */,
			);
			path = Views;
			sourceTree = "<group>";
		};
		2F75706628257D8000E2DD69 /* ViewModel */ = {
			isa = PBXGroup;
			children = (
				2F75706728257D8B00E2DD69 /* TaskViewModel.swift */,
				2F7570792829AC0900E2DD69 /* DailyTaskViewModel.swift */,
			);
			path = ViewModel;
			sourceTree = "<group>";
		};
		2F7570BC282D4A2E00E2DD69 /* Components */ = {
			isa = PBXGroup;
			children = (
				2F7570BD282D4A4600E2DD69 /* DayInformation.swift */,
			);
			path = Components;
			sourceTree = "<group>";
		};
/* End PBXGroup section */

/* Begin PBXNativeTarget section */
		2F7570302825772900E2DD69 /* task manager */ = {
			isa = PBXNativeTarget;
			buildConfigurationList = 2F75705A2825772B00E2DD69 /* Build configuration list for PBXNativeTarget "task manager" */;
			buildPhases = (
				2F75702D2825772900E2DD69 /* Sources */,
				2F75702E2825772900E2DD69 /* Frameworks */,
				2F75702F2825772900E2DD69 /* Resources */,
			);
			buildRules = (
			);
			dependencies = (
			);
			name = "task manager";
			productName = "task manager";
			productReference = 2F7570312825772900E2DD69 /* task manager.app */;
			productType = "com.apple.product-type.application";
		};
		2F7570452825772B00E2DD69 /* task managerTests */ = {
			isa = PBXNativeTarget;
			buildConfigurationList = 2F75705D2825772B00E2DD69 /* Build configuration list for PBXNativeTarget "task managerTests" */;
			buildPhases = (
				2F7570422825772B00E2DD69 /* Sources */,
				2F7570432825772B00E2DD69 /* Frameworks */,
				2F7570442825772B00E2DD69 /* Resources */,
			);
			buildRules = (
			);
			dependencies = (
				2F7570482825772B00E2DD69 /* PBXTargetDependency */,
			);
			name = "task managerTests";
			productName = "task managerTests";
			productReference = 2F7570462825772B00E2DD69 /* task managerTests.xctest */;
			productType = "com.apple.product-type.bundle.unit-test";
		};
		2F75704F2825772B00E2DD69 /* task managerUITests */ = {
			isa = PBXNativeTarget;
			buildConfigurationList = 2F7570602825772B00E2DD69 /* Build configuration list for PBXNativeTarget "task managerUITests" */;
			buildPhases = (
				2F75704C2825772B00E2DD69 /* Sources */,
				2F75704D2825772B00E2DD69 /* Frameworks */,
				2F75704E2825772B00E2DD69 /* Resources */,
			);
			buildRules = (
			);
			dependencies = (
				2F7570522825772B00E2DD69 /* PBXTargetDependency */,
			);
			name = "task managerUITests";
			productName = "task managerUITests";
			productReference = 2F7570502825772B00E2DD69 /* task managerUITests.xctest */;
			productType = "com.apple.product-type.bundle.ui-testing";
		};
/* End PBXNativeTarget section */

/* Begin PBXProject section */
		2F7570292825772900E2DD69 /* Project object */ = {
			isa = PBXProject;
			attributes = {
				BuildIndependentTargetsInParallel = 1;
				LastSwiftUpdateCheck = 1330;
				LastUpgradeCheck = 1330;
				TargetAttributes = {
					2F7570302825772900E2DD69 = {
						CreatedOnToolsVersion = 13.3.1;
					};
					2F7570452825772B00E2DD69 = {
						CreatedOnToolsVersion = 13.3.1;
						TestTargetID = 2F7570302825772900E2DD69;
					};
					2F75704F2825772B00E2DD69 = {
						CreatedOnToolsVersion = 13.3.1;
						TestTargetID = 2F7570302825772900E2DD69;
					};
				};
			};
			buildConfigurationList = 2F75702C2825772900E2DD69 /* Build configuration list for PBXProject "task manager" */;
			compatibilityVersion = "Xcode 13.0";
			developmentRegion = en;
			hasScannedForEncodings = 0;
			knownRegions = (
				en,
				Base,
			);
			mainGroup = 2F7570282825772900E2DD69;
			productRefGroup = 2F7570322825772900E2DD69 /* Products */;
			projectDirPath = "";
			projectRoot = "";
			targets = (
				2F7570302825772900E2DD69 /* task manager */,
				2F7570452825772B00E2DD69 /* task managerTests */,
				2F75704F2825772B00E2DD69 /* task managerUITests */,
			);
		};
/* End PBXProject section */

/* Begin PBXResourcesBuildPhase section */
		2F75702F2825772900E2DD69 /* Resources */ = {
			isa = PBXResourcesBuildPhase;
			buildActionMask = 2147483647;
			files = (
				2F75703C2825772B00E2DD69 /* Preview Assets.xcassets in Resources */,
				2F7570392825772B00E2DD69 /* Assets.xcassets in Resources */,
			);
			runOnlyForDeploymentPostprocessing = 0;
		};
		2F7570442825772B00E2DD69 /* Resources */ = {
			isa = PBXResourcesBuildPhase;
			buildActionMask = 2147483647;
			files = (
			);
			runOnlyForDeploymentPostprocessing = 0;
		};
		2F75704E2825772B00E2DD69 /* Resources */ = {
			isa = PBXResourcesBuildPhase;
			buildActionMask = 2147483647;
			files = (
			);
			runOnlyForDeploymentPostprocessing = 0;
		};
/* End PBXResourcesBuildPhase section */

/* Begin PBXSourcesBuildPhase section */
		2F75702D2825772900E2DD69 /* Sources */ = {
			isa = PBXSourcesBuildPhase;
			buildActionMask = 2147483647;
			files = (
				2F75703E2825772B00E2DD69 /* Persistence.swift in Sources */,
				2F7570BB282B377300E2DD69 /* RingShape.swift in Sources */,
				2F7570702825C81300E2DD69 /* TaskRowView.swift in Sources */,
				2F7570BE282D4A4600E2DD69 /* DayInformation.swift in Sources */,
				2F75706828257D8C00E2DD69 /* TaskViewModel.swift in Sources */,
				2F7570762829819900E2DD69 /* OptionView.swift in Sources */,
				2F7570B9282B376A00E2DD69 /* RingView.swift in Sources */,
				2F7570782829A94B00E2DD69 /* AddNewDailyTaskView.swift in Sources */,
				2F7570372825772900E2DD69 /* ContentView.swift in Sources */,
				2F75706528257C1200E2DD69 /* Home.swift in Sources */,
				2F757074282715F900E2DD69 /* DynamicFilteredView.swift in Sources */,
				2F7570C0282D9C9300E2DD69 /* DailyTaskPopupView.swift in Sources */,
				2F75706A282580B800E2DD69 /* AddNewTask.swift in Sources */,
				2F75707A2829AC0900E2DD69 /* DailyTaskViewModel.swift in Sources */,
				2F7570412825772B00E2DD69 /* task_manager.xcdatamodeld in Sources */,
				2F7570352825772900E2DD69 /* task_managerApp.swift in Sources */,
				2F75707C2829E41200E2DD69 /* DailyTasks+Extension.swift in Sources */,
			);
			runOnlyForDeploymentPostprocessing = 0;
		};
		2F7570422825772B00E2DD69 /* Sources */ = {
			isa = PBXSourcesBuildPhase;
			buildActionMask = 2147483647;
			files = (
				2F75704B2825772B00E2DD69 /* task_managerTests.swift in Sources */,
			);
			runOnlyForDeploymentPostprocessing = 0;
		};
		2F75704C2825772B00E2DD69 /* Sources */ = {
			isa = PBXSourcesBuildPhase;
			buildActionMask = 2147483647;
			files = (
				2F7570552825772B00E2DD69 /* task_managerUITests.swift in Sources */,
				2F7570572825772B00E2DD69 /* task_managerUITestsLaunchTests.swift in Sources */,
			);
			runOnlyForDeploymentPostprocessing = 0;
		};
/* End PBXSourcesBuildPhase section */

/* Begin PBXTargetDependency section */
		2F7570482825772B00E2DD69 /* PBXTargetDependency */ = {
			isa = PBXTargetDependency;
			target = 2F7570302825772900E2DD69 /* task manager */;
			targetProxy = 2F7570472825772B00E2DD69 /* PBXContainerItemProxy */;
		};
		2F7570522825772B00E2DD69 /* PBXTargetDependency */ = {
			isa = PBXTargetDependency;
			target = 2F7570302825772900E2DD69 /* task manager */;
			targetProxy = 2F7570512825772B00E2DD69 /* PBXContainerItemProxy */;
		};
/* End PBXTargetDependency section */

/* Begin XCBuildConfiguration section */
		2F7570582825772B00E2DD69 /* Debug */ = {
			isa = XCBuildConfiguration;
			buildSettings = {
				ALWAYS_SEARCH_USER_PATHS = NO;
				CLANG_ANALYZER_NONNULL = YES;
				CLANG_ANALYZER_NUMBER_OBJECT_CONVERSION = YES_AGGRESSIVE;
				CLANG_CXX_LANGUAGE_STANDARD = "gnu++17";
				CLANG_ENABLE_MODULES = YES;
				CLANG_ENABLE_OBJC_ARC = YES;
				CLANG_ENABLE_OBJC_WEAK = YES;
				CLANG_WARN_BLOCK_CAPTURE_AUTORELEASING = YES;
				CLANG_WARN_BOOL_CONVERSION = YES;
				CLANG_WARN_COMMA = YES;
				CLANG_WARN_CONSTANT_CONVERSION = YES;
				CLANG_WARN_DEPRECATED_OBJC_IMPLEMENTATIONS = YES;
				CLANG_WARN_DIRECT_OBJC_ISA_USAGE = YES_ERROR;
				CLANG_WARN_DOCUMENTATION_COMMENTS = YES;
				CLANG_WARN_EMPTY_BODY = YES;
				CLANG_WARN_ENUM_CONVERSION = YES;
				CLANG_WARN_INFINITE_RECURSION = YES;
				CLANG_WARN_INT_CONVERSION = YES;
				CLANG_WARN_NON_LITERAL_NULL_CONVERSION = YES;
				CLANG_WARN_OBJC_IMPLICIT_RETAIN_SELF = YES;
				CLANG_WARN_OBJC_LITERAL_CONVERSION = YES;
				CLANG_WARN_OBJC_ROOT_CLASS = YES_ERROR;
				CLANG_WARN_QUOTED_INCLUDE_IN_FRAMEWORK_HEADER = YES;
				CLANG_WARN_RANGE_LOOP_ANALYSIS = YES;
				CLANG_WARN_STRICT_PROTOTYPES = YES;
				CLANG_WARN_SUSPICIOUS_MOVE = YES;
				CLANG_WARN_UNGUARDED_AVAILABILITY = YES_AGGRESSIVE;
				CLANG_WARN_UNREACHABLE_CODE = YES;
				CLANG_WARN__DUPLICATE_METHOD_MATCH = YES;
				COPY_PHASE_STRIP = NO;
				DEBUG_INFORMATION_FORMAT = dwarf;
				ENABLE_STRICT_OBJC_MSGSEND = YES;
				ENABLE_TESTABILITY = YES;
				GCC_C_LANGUAGE_STANDARD = gnu11;
				GCC_DYNAMIC_NO_PIC = NO;
				GCC_NO_COMMON_BLOCKS = YES;
				GCC_OPTIMIZATION_LEVEL = 0;
				GCC_PREPROCESSOR_DEFINITIONS = (
					"DEBUG=1",
					"$(inherited)",
				);
				GCC_WARN_64_TO_32_BIT_CONVERSION = YES;
				GCC_WARN_ABOUT_RETURN_TYPE = YES_ERROR;
				GCC_WARN_UNDECLARED_SELECTOR = YES;
				GCC_WARN_UNINITIALIZED_AUTOS = YES_AGGRESSIVE;
				GCC_WARN_UNUSED_FUNCTION = YES;
				GCC_WARN_UNUSED_VARIABLE = YES;
				IPHONEOS_DEPLOYMENT_TARGET = 15.4;
				MTL_ENABLE_DEBUG_INFO = INCLUDE_SOURCE;
				MTL_FAST_MATH = YES;
				ONLY_ACTIVE_ARCH = YES;
				SDKROOT = iphoneos;
				SWIFT_ACTIVE_COMPILATION_CONDITIONS = DEBUG;
				SWIFT_OPTIMIZATION_LEVEL = "-Onone";
			};
			name = Debug;
		};
		2F7570592825772B00E2DD69 /* Release */ = {
			isa = XCBuildConfiguration;
			buildSettings = {
				ALWAYS_SEARCH_USER_PATHS = NO;
				CLANG_ANALYZER_NONNULL = YES;
				CLANG_ANALYZER_NUMBER_OBJECT_CONVERSION = YES_AGGRESSIVE;
				CLANG_CXX_LANGUAGE_STANDARD = "gnu++17";
				CLANG_ENABLE_MODULES = YES;
				CLANG_ENABLE_OBJC_ARC = YES;
				CLANG_ENABLE_OBJC_WEAK = YES;
				CLANG_WARN_BLOCK_CAPTURE_AUTORELEASING = YES;
				CLANG_WARN_BOOL_CONVERSION = YES;
				CLANG_WARN_COMMA = YES;
				CLANG_WARN_CONSTANT_CONVERSION = YES;
				CLANG_WARN_DEPRECATED_OBJC_IMPLEMENTATIONS = YES;
				CLANG_WARN_DIRECT_OBJC_ISA_USAGE = YES_ERROR;
				CLANG_WARN_DOCUMENTATION_COMMENTS = YES;
				CLANG_WARN_EMPTY_BODY = YES;
				CLANG_WARN_ENUM_CONVERSION = YES;
				CLANG_WARN_INFINITE_RECURSION = YES;
				CLANG_WARN_INT_CONVERSION = YES;
				CLANG_WARN_NON_LITERAL_NULL_CONVERSION = YES;
				CLANG_WARN_OBJC_IMPLICIT_RETAIN_SELF = YES;
				CLANG_WARN_OBJC_LITERAL_CONVERSION = YES;
				CLANG_WARN_OBJC_ROOT_CLASS = YES_ERROR;
				CLANG_WARN_QUOTED_INCLUDE_IN_FRAMEWORK_HEADER = YES;
				CLANG_WARN_RANGE_LOOP_ANALYSIS = YES;
				CLANG_WARN_STRICT_PROTOTYPES = YES;
				CLANG_WARN_SUSPICIOUS_MOVE = YES;
				CLANG_WARN_UNGUARDED_AVAILABILITY = YES_AGGRESSIVE;
				CLANG_WARN_UNREACHABLE_CODE = YES;
				CLANG_WARN__DUPLICATE_METHOD_MATCH = YES;
				COPY_PHASE_STRIP = NO;
				DEBUG_INFORMATION_FORMAT = "dwarf-with-dsym";
				ENABLE_NS_ASSERTIONS = NO;
				ENABLE_STRICT_OBJC_MSGSEND = YES;
				GCC_C_LANGUAGE_STANDARD = gnu11;
				GCC_NO_COMMON_BLOCKS = YES;
				GCC_WARN_64_TO_32_BIT_CONVERSION = YES;
				GCC_WARN_ABOUT_RETURN_TYPE = YES_ERROR;
				GCC_WARN_UNDECLARED_SELECTOR = YES;
				GCC_WARN_UNINITIALIZED_AUTOS = YES_AGGRESSIVE;
				GCC_WARN_UNUSED_FUNCTION = YES;
				GCC_WARN_UNUSED_VARIABLE = YES;
				IPHONEOS_DEPLOYMENT_TARGET = 15.4;
				MTL_ENABLE_DEBUG_INFO = NO;
				MTL_FAST_MATH = YES;
				SDKROOT = iphoneos;
				SWIFT_COMPILATION_MODE = wholemodule;
				SWIFT_OPTIMIZATION_LEVEL = "-O";
				VALIDATE_PRODUCT = YES;
			};
			name = Release;
		};
		2F75705B2825772B00E2DD69 /* Debug */ = {
			isa = XCBuildConfiguration;
			buildSettings = {
				ASSETCATALOG_COMPILER_APPICON_NAME = AppIcon;
				ASSETCATALOG_COMPILER_GLOBAL_ACCENT_COLOR_NAME = AccentColor;
				CODE_SIGN_STYLE = Automatic;
				CURRENT_PROJECT_VERSION = 1;
				DEVELOPMENT_ASSET_PATHS = "\"task manager/Preview Content\"";
				DEVELOPMENT_TEAM = 75W5X6N6SL;
				ENABLE_PREVIEWS = YES;
				GENERATE_INFOPLIST_FILE = YES;
				INFOPLIST_KEY_UIApplicationSceneManifest_Generation = YES;
				INFOPLIST_KEY_UIApplicationSupportsIndirectInputEvents = YES;
				INFOPLIST_KEY_UILaunchScreen_Generation = YES;
				INFOPLIST_KEY_UISupportedInterfaceOrientations_iPad = "UIInterfaceOrientationPortrait UIInterfaceOrientationPortraitUpsideDown UIInterfaceOrientationLandscapeLeft UIInterfaceOrientationLandscapeRight";
				INFOPLIST_KEY_UISupportedInterfaceOrientations_iPhone = "UIInterfaceOrientationPortrait UIInterfaceOrientationLandscapeLeft UIInterfaceOrientationLandscapeRight";
				LD_RUNPATH_SEARCH_PATHS = (
					"$(inherited)",
					"@executable_path/Frameworks",
				);
				MARKETING_VERSION = 1.0;
				PRODUCT_BUNDLE_IDENTIFIER = "com.tylerdev.task-manager";
				PRODUCT_NAME = "$(TARGET_NAME)";
				SWIFT_EMIT_LOC_STRINGS = YES;
				SWIFT_VERSION = 5.0;
				TARGETED_DEVICE_FAMILY = "1,2";
			};
			name = Debug;
		};
		2F75705C2825772B00E2DD69 /* Release */ = {
			isa = XCBuildConfiguration;
			buildSettings = {
				ASSETCATALOG_COMPILER_APPICON_NAME = AppIcon;
				ASSETCATALOG_COMPILER_GLOBAL_ACCENT_COLOR_NAME = AccentColor;
				CODE_SIGN_STYLE = Automatic;
				CURRENT_PROJECT_VERSION = 1;
				DEVELOPMENT_ASSET_PATHS = "\"task manager/Preview Content\"";
				DEVELOPMENT_TEAM = 75W5X6N6SL;
				ENABLE_PREVIEWS = YES;
				GENERATE_INFOPLIST_FILE = YES;
				INFOPLIST_KEY_UIApplicationSceneManifest_Generation = YES;
				INFOPLIST_KEY_UIApplicationSupportsIndirectInputEvents = YES;
				INFOPLIST_KEY_UILaunchScreen_Generation = YES;
				INFOPLIST_KEY_UISupportedInterfaceOrientations_iPad = "UIInterfaceOrientationPortrait UIInterfaceOrientationPortraitUpsideDown UIInterfaceOrientationLandscapeLeft UIInterfaceOrientationLandscapeRight";
				INFOPLIST_KEY_UISupportedInterfaceOrientations_iPhone = "UIInterfaceOrientationPortrait UIInterfaceOrientationLandscapeLeft UIInterfaceOrientationLandscapeRight";
				LD_RUNPATH_SEARCH_PATHS = (
					"$(inherited)",
					"@executable_path/Frameworks",
				);
				MARKETING_VERSION = 1.0;
				PRODUCT_BUNDLE_IDENTIFIER = "com.tylerdev.task-manager";
				PRODUCT_NAME = "$(TARGET_NAME)";
				SWIFT_EMIT_LOC_STRINGS = YES;
				SWIFT_VERSION = 5.0;
				TARGETED_DEVICE_FAMILY = "1,2";
			};
			name = Release;
		};
		2F75705E2825772B00E2DD69 /* Debug */ = {
			isa = XCBuildConfiguration;
			buildSettings = {
				ALWAYS_EMBED_SWIFT_STANDARD_LIBRARIES = YES;
				BUNDLE_LOADER = "$(TEST_HOST)";
				CODE_SIGN_STYLE = Automatic;
				CURRENT_PROJECT_VERSION = 1;
				DEVELOPMENT_TEAM = 75W5X6N6SL;
				GENERATE_INFOPLIST_FILE = YES;
				IPHONEOS_DEPLOYMENT_TARGET = 15.4;
				MARKETING_VERSION = 1.0;
				PRODUCT_BUNDLE_IDENTIFIER = "com.tylerdev.task-managerTests";
				PRODUCT_NAME = "$(TARGET_NAME)";
				SWIFT_EMIT_LOC_STRINGS = NO;
				SWIFT_VERSION = 5.0;
				TARGETED_DEVICE_FAMILY = "1,2";
				TEST_HOST = "$(BUILT_PRODUCTS_DIR)/task manager.app/task manager";
			};
			name = Debug;
		};
		2F75705F2825772B00E2DD69 /* Release */ = {
			isa = XCBuildConfiguration;
			buildSettings = {
				ALWAYS_EMBED_SWIFT_STANDARD_LIBRARIES = YES;
				BUNDLE_LOADER = "$(TEST_HOST)";
				CODE_SIGN_STYLE = Automatic;
				CURRENT_PROJECT_VERSION = 1;
				DEVELOPMENT_TEAM = 75W5X6N6SL;
				GENERATE_INFOPLIST_FILE = YES;
				IPHONEOS_DEPLOYMENT_TARGET = 15.4;
				MARKETING_VERSION = 1.0;
				PRODUCT_BUNDLE_IDENTIFIER = "com.tylerdev.task-managerTests";
				PRODUCT_NAME = "$(TARGET_NAME)";
				SWIFT_EMIT_LOC_STRINGS = NO;
				SWIFT_VERSION = 5.0;
				TARGETED_DEVICE_FAMILY = "1,2";
				TEST_HOST = "$(BUILT_PRODUCTS_DIR)/task manager.app/task manager";
			};
			name = Release;
		};
		2F7570612825772B00E2DD69 /* Debug */ = {
			isa = XCBuildConfiguration;
			buildSettings = {
				ALWAYS_EMBED_SWIFT_STANDARD_LIBRARIES = YES;
				CODE_SIGN_STYLE = Automatic;
				CURRENT_PROJECT_VERSION = 1;
				DEVELOPMENT_TEAM = 75W5X6N6SL;
				GENERATE_INFOPLIST_FILE = YES;
				MARKETING_VERSION = 1.0;
				PRODUCT_BUNDLE_IDENTIFIER = "com.tylerdev.task-managerUITests";
				PRODUCT_NAME = "$(TARGET_NAME)";
				SWIFT_EMIT_LOC_STRINGS = NO;
				SWIFT_VERSION = 5.0;
				TARGETED_DEVICE_FAMILY = "1,2";
				TEST_TARGET_NAME = "task manager";
			};
			name = Debug;
		};
		2F7570622825772B00E2DD69 /* Release */ = {
			isa = XCBuildConfiguration;
			buildSettings = {
				ALWAYS_EMBED_SWIFT_STANDARD_LIBRARIES = YES;
				CODE_SIGN_STYLE = Automatic;
				CURRENT_PROJECT_VERSION = 1;
				DEVELOPMENT_TEAM = 75W5X6N6SL;
				GENERATE_INFOPLIST_FILE = YES;
				MARKETING_VERSION = 1.0;
				PRODUCT_BUNDLE_IDENTIFIER = "com.tylerdev.task-managerUITests";
				PRODUCT_NAME = "$(TARGET_NAME)";
				SWIFT_EMIT_LOC_STRINGS = NO;
				SWIFT_VERSION = 5.0;
				TARGETED_DEVICE_FAMILY = "1,2";
				TEST_TARGET_NAME = "task manager";
			};
			name = Release;
		};
/* End XCBuildConfiguration section */

/* Begin XCConfigurationList section */
		2F75702C2825772900E2DD69 /* Build configuration list for PBXProject "task manager" */ = {
			isa = XCConfigurationList;
			buildConfigurations = (
				2F7570582825772B00E2DD69 /* Debug */,
				2F7570592825772B00E2DD69 /* Release */,
			);
			defaultConfigurationIsVisible = 0;
			defaultConfigurationName = Release;
		};
		2F75705A2825772B00E2DD69 /* Build configuration list for PBXNativeTarget "task manager" */ = {
			isa = XCConfigurationList;
			buildConfigurations = (
				2F75705B2825772B00E2DD69 /* Debug */,
				2F75705C2825772B00E2DD69 /* Release */,
			);
			defaultConfigurationIsVisible = 0;
			defaultConfigurationName = Release;
		};
		2F75705D2825772B00E2DD69 /* Build configuration list for PBXNativeTarget "task managerTests" */ = {
			isa = XCConfigurationList;
			buildConfigurations = (
				2F75705E2825772B00E2DD69 /* Debug */,
				2F75705F2825772B00E2DD69 /* Release */,
			);
			defaultConfigurationIsVisible = 0;
			defaultConfigurationName = Release;
		};
		2F7570602825772B00E2DD69 /* Build configuration list for PBXNativeTarget "task managerUITests" */ = {
			isa = XCConfigurationList;
			buildConfigurations = (
				2F7570612825772B00E2DD69 /* Debug */,
				2F7570622825772B00E2DD69 /* Release */,
			);
			defaultConfigurationIsVisible = 0;
			defaultConfigurationName = Release;
		};
/* End XCConfigurationList section */

/* Begin XCVersionGroup section */
		2F75703F2825772B00E2DD69 /* task_manager.xcdatamodeld */ = {
			isa = XCVersionGroup;
			children = (
				2F7570402825772B00E2DD69 /* task_manager.xcdatamodel */,
			);
			currentVersion = 2F7570402825772B00E2DD69 /* task_manager.xcdatamodel */;
			path = task_manager.xcdatamodeld;
			sourceTree = "<group>";
			versionGroupType = wrapper.xcdatamodel;
		};
/* End XCVersionGroup section */
	};
	rootObject = 2F7570292825772900E2DD69 /* Project object */;
}
